
Microsoft Visual Studio Solution File, Format Version 12.00
# Visual Studio Version 16
VisualStudioVersion = 16.0.30002.166
MinimumVisualStudioVersion = 10.0.40219.1
Project("{FAE04EC0-301F-11D3-BF4B-00C04F79EFBC}") = "Exo1a2", "ClasseConsole\Exo1a2.csproj", "{005B4259-EF67-4CF2-83CC-98253F9EA71F}"
EndProject
Project("{FAE04EC0-301F-11D3-BF4B-00C04F79EFBC}") = "Exo3", "Exo3\Exo3.csproj", "{902E78B4-F2CD-4587-83AF-2DA9E4908683}"
EndProject
Global
	GlobalSection(SolutionConfigurationPlatforms) = preSolution
		Debug|Any CPU = Debug|Any CPU
		Release|Any CPU = Release|Any CPU
	EndGlobalSection
	GlobalSection(ProjectConfigurationPlatforms) = postSolution
		{005B4259-EF67-4CF2-83CC-98253F9EA71F}.Debug|Any CPU.ActiveCfg = Debug|Any CPU
		{005B4259-EF67-4CF2-83CC-98253F9EA71F}.Debug|Any CPU.Build.0 = Debug|Any CPU
		{005B4259-EF67-4CF2-83CC-98253F9EA71F}.Release|Any CPU.ActiveCfg = Release|Any CPU
		{005B4259-EF67-4CF2-83CC-98253F9EA71F}.Release|Any CPU.Build.0 = Release|Any CPU
		{902E78B4-F2CD-4587-83AF-2DA9E4908683}.Debug|Any CPU.ActiveCfg = Debug|Any CPU
		{902E78B4-F2CD-4587-83AF-2DA9E4908683}.Debug|Any CPU.Build.0 = Debug|Any CPU
		{902E78B4-F2CD-4587-83AF-2DA9E4908683}.Release|Any CPU.ActiveCfg = Release|Any CPU
		{902E78B4-F2CD-4587-83AF-2DA9E4908683}.Release|Any CPU.Build.0 = Release|Any CPU
	EndGlobalSection
	GlobalSection(SolutionProperties) = preSolution
		HideSolutionNode = FALSE
	EndGlobalSection
	GlobalSection(ExtensibilityGlobals) = postSolution
		SolutionGuid = {A9E1BC8B-7398-4E96-BA83-D862AACCF4B4}
	EndGlobalSection
EndGlobal
